
Microsoft Visual Studio Solution File, Format Version 12.00
# Visual Studio Version 17
VisualStudioVersion = 17.7.34031.279
MinimumVisualStudioVersion = 10.0.40219.1
Project("{FAE04EC0-301F-11D3-BF4B-00C04F79EFBC}") = "API", "API\API.csproj", "{5695FFD7-7802-43B3-BFDE-3BEA0EC55DED}"
EndProject
Global
	GlobalSection(SolutionConfigurationPlatforms) = preSolution
		Debug|Any CPU = Debug|Any CPU
		Release|Any CPU = Release|Any CPU
	EndGlobalSection
	GlobalSection(ProjectConfigurationPlatforms) = postSolution
		{5695FFD7-7802-43B3-BFDE-3BEA0EC55DED}.Debug|Any CPU.ActiveCfg = Debug|Any CPU
		{5695FFD7-7802-43B3-BFDE-3BEA0EC55DED}.Debug|Any CPU.Build.0 = Debug|Any CPU
		{5695FFD7-7802-43B3-BFDE-3BEA0EC55DED}.Release|Any CPU.ActiveCfg = Release|Any CPU
		{5695FFD7-7802-43B3-BFDE-3BEA0EC55DED}.Release|Any CPU.Build.0 = Release|Any CPU
	EndGlobalSection
	GlobalSection(SolutionProperties) = preSolution
		HideSolutionNode = FALSE
	EndGlobalSection
	GlobalSection(ExtensibilityGlobals) = postSolution
		SolutionGuid = {276C1B0C-B6C0-4C36-ABC3-FFE9183F3C42}
	EndGlobalSection
EndGlobal
